
Microsoft Visual Studio Solution File, Format Version 12.00
# Visual Studio Version 16
VisualStudioVersion = 16.0.32126.315
MinimumVisualStudioVersion = 10.0.40219.1
Project("{FAE04EC0-301F-11D3-BF4B-00C04F79EFBC}") = "KitapProjesi", "KitapProjesi\KitapProjesi.csproj", "{B7A7EE11-82F8-4532-99E3-9F46C34F32D8}"
EndProject
Project("{FAE04EC0-301F-11D3-BF4B-00C04F79EFBC}") = "Kitap_DAL", "Kitap_DAL\Kitap_DAL.csproj", "{2ADCF70D-E00B-4792-9E65-8FDB72BB1A9C}"
EndProject
Project("{FAE04EC0-301F-11D3-BF4B-00C04F79EFBC}") = "Kitap_ENTITIES", "Kitap_ENTITIES\Kitap_ENTITIES.csproj", "{7AF9E153-4564-4621-8F52-D3851C329C74}"
EndProject
Project("{FAE04EC0-301F-11D3-BF4B-00C04F79EFBC}") = "Kitap_BL", "Kitap_BL\Kitap_BL.csproj", "{432557D1-AF4C-4296-840C-84173FCDF6A9}"
EndProject
Global
	GlobalSection(SolutionConfigurationPlatforms) = preSolution
		Debug|Any CPU = Debug|Any CPU
		Release|Any CPU = Release|Any CPU
	EndGlobalSection
	GlobalSection(ProjectConfigurationPlatforms) = postSolution
		{B7A7EE11-82F8-4532-99E3-9F46C34F32D8}.Debug|Any CPU.ActiveCfg = Debug|Any CPU
		{B7A7EE11-82F8-4532-99E3-9F46C34F32D8}.Debug|Any CPU.Build.0 = Debug|Any CPU
		{B7A7EE11-82F8-4532-99E3-9F46C34F32D8}.Release|Any CPU.ActiveCfg = Release|Any CPU
		{B7A7EE11-82F8-4532-99E3-9F46C34F32D8}.Release|Any CPU.Build.0 = Release|Any CPU
		{2ADCF70D-E00B-4792-9E65-8FDB72BB1A9C}.Debug|Any CPU.ActiveCfg = Debug|Any CPU
		{2ADCF70D-E00B-4792-9E65-8FDB72BB1A9C}.Debug|Any CPU.Build.0 = Debug|Any CPU
		{2ADCF70D-E00B-4792-9E65-8FDB72BB1A9C}.Release|Any CPU.ActiveCfg = Release|Any CPU
		{2ADCF70D-E00B-4792-9E65-8FDB72BB1A9C}.Release|Any CPU.Build.0 = Release|Any CPU
		{7AF9E153-4564-4621-8F52-D3851C329C74}.Debug|Any CPU.ActiveCfg = Debug|Any CPU
		{7AF9E153-4564-4621-8F52-D3851C329C74}.Debug|Any CPU.Build.0 = Debug|Any CPU
		{7AF9E153-4564-4621-8F52-D3851C329C74}.Release|Any CPU.ActiveCfg = Release|Any CPU
		{7AF9E153-4564-4621-8F52-D3851C329C74}.Release|Any CPU.Build.0 = Release|Any CPU
		{432557D1-AF4C-4296-840C-84173FCDF6A9}.Debug|Any CPU.ActiveCfg = Debug|Any CPU
		{432557D1-AF4C-4296-840C-84173FCDF6A9}.Debug|Any CPU.Build.0 = Debug|Any CPU
		{432557D1-AF4C-4296-840C-84173FCDF6A9}.Release|Any CPU.ActiveCfg = Release|Any CPU
		{432557D1-AF4C-4296-840C-84173FCDF6A9}.Release|Any CPU.Build.0 = Release|Any CPU
	EndGlobalSection
	GlobalSection(SolutionProperties) = preSolution
		HideSolutionNode = FALSE
	EndGlobalSection
	GlobalSection(ExtensibilityGlobals) = postSolution
		SolutionGuid = {DB0C069B-CA05-4EA6-A820-033BA8598EF8}
	EndGlobalSection
EndGlobal
